
Microsoft Visual Studio Solution File, Format Version 12.00
# Visual Studio Version 16
VisualStudioVersion = 16.0.30907.101
MinimumVisualStudioVersion = 10.0.40219.1
Project("{FAE04EC0-301F-11D3-BF4B-00C04F79EFBC}") = "MarsRoverKata", "MarsRoverKata\MarsRoverKata.csproj", "{EB6BC6E4-A513-4700-A868-7BA01308B768}"
EndProject
Project("{FAE04EC0-301F-11D3-BF4B-00C04F79EFBC}") = "MarsRoverKata.Tests", "MarsRoverKata.Tests\MarsRoverKata.Tests.csproj", "{011447D3-2A46-44E4-9367-EF775EDE8120}"
EndProject
Global
	GlobalSection(SolutionConfigurationPlatforms) = preSolution
		Debug|Any CPU = Debug|Any CPU
		Release|Any CPU = Release|Any CPU
	EndGlobalSection
	GlobalSection(ProjectConfigurationPlatforms) = postSolution
		{EB6BC6E4-A513-4700-A868-7BA01308B768}.Debug|Any CPU.ActiveCfg = Debug|Any CPU
		{EB6BC6E4-A513-4700-A868-7BA01308B768}.Debug|Any CPU.Build.0 = Debug|Any CPU
		{EB6BC6E4-A513-4700-A868-7BA01308B768}.Release|Any CPU.ActiveCfg = Release|Any CPU
		{EB6BC6E4-A513-4700-A868-7BA01308B768}.Release|Any CPU.Build.0 = Release|Any CPU
		{011447D3-2A46-44E4-9367-EF775EDE8120}.Debug|Any CPU.ActiveCfg = Debug|Any CPU
		{011447D3-2A46-44E4-9367-EF775EDE8120}.Debug|Any CPU.Build.0 = Debug|Any CPU
		{011447D3-2A46-44E4-9367-EF775EDE8120}.Release|Any CPU.ActiveCfg = Release|Any CPU
		{011447D3-2A46-44E4-9367-EF775EDE8120}.Release|Any CPU.Build.0 = Release|Any CPU
	EndGlobalSection
	GlobalSection(SolutionProperties) = preSolution
		HideSolutionNode = FALSE
	EndGlobalSection
	GlobalSection(ExtensibilityGlobals) = postSolution
		SolutionGuid = {5E6181F6-ADE3-4D83-BF44-B9F01AA26C2B}
	EndGlobalSection
EndGlobal
